
Microsoft Visual Studio Solution File, Format Version 12.00
# Visual Studio Version 17
VisualStudioVersion = 17.9.34616.47
MinimumVisualStudioVersion = 10.0.40219.1
Project("{FAE04EC0-301F-11D3-BF4B-00C04F79EFBC}") = "FiveM-App-Server", "FiveM-App-Server\FiveM-App-Server.csproj", "{0165A34F-411B-4CF8-923B-85AAAD86F88A}"
EndProject
Project("{FAE04EC0-301F-11D3-BF4B-00C04F79EFBC}") = "FiveM-App-Client", "FiveM-App-Client\FiveM-App-Client.csproj", "{21028ACD-41F1-4FC4-9ECA-6B44C089F414}"
EndProject
Project("{FAE04EC0-301F-11D3-BF4B-00C04F79EFBC}") = "FiveM-EventManager", "FiveM-EventManager\FiveM-EventManager.csproj", "{B6DD3307-4613-4AF6-B80B-A700AEA3C594}"
EndProject
Project("{FAE04EC0-301F-11D3-BF4B-00C04F79EFBC}") = "FiveM-App-EventManager.Tests", "FiveM-App-EventManager.Tests\FiveM-App-EventManager.Tests.csproj", "{6FFA1199-2742-44CC-B541-C5D6A100F747}"
EndProject
Project("{2150E333-8FDC-42A3-9474-1A3956D46DE8}") = "EventManager", "EventManager", "{6FB78D33-3761-4554-82FB-081968990DA8}"
EndProject
Global
	GlobalSection(SolutionConfigurationPlatforms) = preSolution
		Debug|Any CPU = Debug|Any CPU
		Release|Any CPU = Release|Any CPU
	EndGlobalSection
	GlobalSection(ProjectConfigurationPlatforms) = postSolution
		{0165A34F-411B-4CF8-923B-85AAAD86F88A}.Debug|Any CPU.ActiveCfg = Debug|Any CPU
		{0165A34F-411B-4CF8-923B-85AAAD86F88A}.Debug|Any CPU.Build.0 = Debug|Any CPU
		{0165A34F-411B-4CF8-923B-85AAAD86F88A}.Release|Any CPU.ActiveCfg = Release|Any CPU
		{0165A34F-411B-4CF8-923B-85AAAD86F88A}.Release|Any CPU.Build.0 = Release|Any CPU
		{21028ACD-41F1-4FC4-9ECA-6B44C089F414}.Debug|Any CPU.ActiveCfg = Debug|Any CPU
		{21028ACD-41F1-4FC4-9ECA-6B44C089F414}.Debug|Any CPU.Build.0 = Debug|Any CPU
		{21028ACD-41F1-4FC4-9ECA-6B44C089F414}.Release|Any CPU.ActiveCfg = Release|Any CPU
		{21028ACD-41F1-4FC4-9ECA-6B44C089F414}.Release|Any CPU.Build.0 = Release|Any CPU
		{B6DD3307-4613-4AF6-B80B-A700AEA3C594}.Debug|Any CPU.ActiveCfg = Debug|Any CPU
		{B6DD3307-4613-4AF6-B80B-A700AEA3C594}.Debug|Any CPU.Build.0 = Debug|Any CPU
		{B6DD3307-4613-4AF6-B80B-A700AEA3C594}.Release|Any CPU.ActiveCfg = Release|Any CPU
		{B6DD3307-4613-4AF6-B80B-A700AEA3C594}.Release|Any CPU.Build.0 = Release|Any CPU
		{6FFA1199-2742-44CC-B541-C5D6A100F747}.Debug|Any CPU.ActiveCfg = Debug|Any CPU
		{6FFA1199-2742-44CC-B541-C5D6A100F747}.Debug|Any CPU.Build.0 = Debug|Any CPU
		{6FFA1199-2742-44CC-B541-C5D6A100F747}.Release|Any CPU.ActiveCfg = Release|Any CPU
		{6FFA1199-2742-44CC-B541-C5D6A100F747}.Release|Any CPU.Build.0 = Release|Any CPU
	EndGlobalSection
	GlobalSection(SolutionProperties) = preSolution
		HideSolutionNode = FALSE
	EndGlobalSection
	GlobalSection(NestedProjects) = preSolution
		{B6DD3307-4613-4AF6-B80B-A700AEA3C594} = {6FB78D33-3761-4554-82FB-081968990DA8}
		{6FFA1199-2742-44CC-B541-C5D6A100F747} = {6FB78D33-3761-4554-82FB-081968990DA8}
	EndGlobalSection
	GlobalSection(ExtensibilityGlobals) = postSolution
		SolutionGuid = {E5C3907F-ABE9-425F-BDFA-E2F9A066B181}
	EndGlobalSection
EndGlobal
